
Microsoft Visual Studio Solution File, Format Version 12.00
# Visual Studio Version 17
VisualStudioVersion = 17.2.32630.192
MinimumVisualStudioVersion = 10.0.40219.1
Project("{9A19103F-16F7-4668-BE54-9A1E7A4F7556}") = "Task3.3", "Task3.3\Task3.3.csproj", "{17A764DF-D4FA-421C-813E-338C177AC3D4}"
EndProject
Project("{9A19103F-16F7-4668-BE54-9A1E7A4F7556}") = "Task3.4.3", "Task3.4.3\Task3.4.3.csproj", "{D587E391-83A4-400A-8ED8-DB82B1B2D56F}"
EndProject
Project("{FAE04EC0-301F-11D3-BF4B-00C04F79EFBC}") = "Task3.5.2", "Task3.5.2\Task3.5.2.csproj", "{5A049DE2-0D5C-4A01-9BA3-A0D1BF0542DB}"
EndProject
Project("{FAE04EC0-301F-11D3-BF4B-00C04F79EFBC}") = "Task3.5.3", "Task3.5.3\Task3.5.3.csproj", "{94BC827C-BD87-489D-8AA7-98534DDA166F}"
EndProject
Project("{FAE04EC0-301F-11D3-BF4B-00C04F79EFBC}") = "Task3.5.4", "Task3.5.4\Task3.5.4.csproj", "{440681D0-88F1-49B5-B926-17A8B005B5C6}"
EndProject
Global
	GlobalSection(SolutionConfigurationPlatforms) = preSolution
		Debug|Any CPU = Debug|Any CPU
		Release|Any CPU = Release|Any CPU
	EndGlobalSection
	GlobalSection(ProjectConfigurationPlatforms) = postSolution
		{17A764DF-D4FA-421C-813E-338C177AC3D4}.Debug|Any CPU.ActiveCfg = Debug|Any CPU
		{17A764DF-D4FA-421C-813E-338C177AC3D4}.Debug|Any CPU.Build.0 = Debug|Any CPU
		{17A764DF-D4FA-421C-813E-338C177AC3D4}.Release|Any CPU.ActiveCfg = Release|Any CPU
		{17A764DF-D4FA-421C-813E-338C177AC3D4}.Release|Any CPU.Build.0 = Release|Any CPU
		{D587E391-83A4-400A-8ED8-DB82B1B2D56F}.Debug|Any CPU.ActiveCfg = Debug|Any CPU
		{D587E391-83A4-400A-8ED8-DB82B1B2D56F}.Debug|Any CPU.Build.0 = Debug|Any CPU
		{D587E391-83A4-400A-8ED8-DB82B1B2D56F}.Release|Any CPU.ActiveCfg = Release|Any CPU
		{D587E391-83A4-400A-8ED8-DB82B1B2D56F}.Release|Any CPU.Build.0 = Release|Any CPU
		{5A049DE2-0D5C-4A01-9BA3-A0D1BF0542DB}.Debug|Any CPU.ActiveCfg = Debug|Any CPU
		{5A049DE2-0D5C-4A01-9BA3-A0D1BF0542DB}.Debug|Any CPU.Build.0 = Debug|Any CPU
		{5A049DE2-0D5C-4A01-9BA3-A0D1BF0542DB}.Release|Any CPU.ActiveCfg = Release|Any CPU
		{5A049DE2-0D5C-4A01-9BA3-A0D1BF0542DB}.Release|Any CPU.Build.0 = Release|Any CPU
		{94BC827C-BD87-489D-8AA7-98534DDA166F}.Debug|Any CPU.ActiveCfg = Debug|Any CPU
		{94BC827C-BD87-489D-8AA7-98534DDA166F}.Debug|Any CPU.Build.0 = Debug|Any CPU
		{94BC827C-BD87-489D-8AA7-98534DDA166F}.Release|Any CPU.ActiveCfg = Release|Any CPU
		{94BC827C-BD87-489D-8AA7-98534DDA166F}.Release|Any CPU.Build.0 = Release|Any CPU
		{440681D0-88F1-49B5-B926-17A8B005B5C6}.Debug|Any CPU.ActiveCfg = Debug|Any CPU
		{440681D0-88F1-49B5-B926-17A8B005B5C6}.Debug|Any CPU.Build.0 = Debug|Any CPU
		{440681D0-88F1-49B5-B926-17A8B005B5C6}.Release|Any CPU.ActiveCfg = Release|Any CPU
		{440681D0-88F1-49B5-B926-17A8B005B5C6}.Release|Any CPU.Build.0 = Release|Any CPU
	EndGlobalSection
	GlobalSection(SolutionProperties) = preSolution
		HideSolutionNode = FALSE
	EndGlobalSection
	GlobalSection(ExtensibilityGlobals) = postSolution
		SolutionGuid = {725780F1-5A02-4C47-B08A-D137D4C26F16}
	EndGlobalSection
EndGlobal
